<?xml version="1.0" encoding="utf-8"?>
<Project ToolsVersion="4.0" xmlns="http://schemas.microsoft.com/developer/msbuild/2003">
  <ItemGroup>
    <ClCompile Include="bv.cpp" />
    <ClCompile Include="classificationCommand.cpp" />
    <ClCompile Include="classificationNode.cpp" />
    <ClCompile Include="CommonData.cpp" />
    <ClCompile Include="Domain.cpp" />
    <ClCompile Include="FileAnalysis.cpp" />
    <ClCompile Include="InstancingModule.cpp" />
    <ClCompile Include="instancingNode.cpp" />
    <ClCompile Include="kd_tree.cpp" />
    <ClCompile Include="MayaPlugin.cpp" />
    <ClCompile Include="mesh.cpp" />
    <ClCompile Include="mtlLoader.cpp" />
    <ClCompile Include="objLoader.cpp" />
    <ClCompile Include="test.cpp" />
    <ClCompile Include="Triangle.cpp" />
    <ClCompile Include="LSSolverNode.cpp" />
    <ClCompile Include="LSTetgenNode.cpp" />
    <ClCompile Include="soft_body_sim.cpp" />
    <ClCompile Include="connectingNode.cpp" />
    <ClCompile Include="deleteEdgeNode.cpp" />
    <ClCompile Include="simulationInfoNode.cpp" />
  </ItemGroup>
  <ItemGroup>
    <ClInclude Include="bv.h" />
    <ClInclude Include="classificationCommand.h" />
    <ClInclude Include="classificationNode.h" />
    <ClInclude Include="CommonData.h" />
    <ClInclude Include="Domain.h" />
    <ClInclude Include="Face.h" />
    <ClInclude Include="FdomainGraph.h" />
    <ClInclude Include="FileAnalysis.h" />
    <ClInclude Include="InstancingModule.h" />
    <ClInclude Include="instancingNode.h" />
    <ClInclude Include="kd_tree.h" />
    <ClInclude Include="mesh.h" />
    <ClInclude Include="mtlLoader.h" />
    <ClInclude Include="objLoader.h" />
    <ClInclude Include="Ray.h" />
    <ClInclude Include="UnionFindDomain.h" />
    <ClInclude Include="union_find.h" />
    <ClInclude Include="LSSolverNode.h" />
    <ClInclude Include="LSTetgenNode.h" />
    <ClInclude Include="soft_body_sim.h" />
    <ClInclude Include="connectingNode.h" />
    <ClInclude Include="deleteEdgeNode.h" />
    <ClInclude Include="simulationInfoNode.h" />
  </ItemGroup>
  <ItemGroup>
    <None Include="Options.txt" />
    <None Include="ReadMe.txt" />
  </ItemGroup>
</Project>